// !$*UTF8*$!
{
	archiveVersion = 1;
	classes = {
	};
	objectVersion = 46;
	objects = {

/* Begin PBXBuildFile section */
		9302EDAD1B6BF9BA00895652 /* SearchTerm.swift in Sources */ = {isa = PBXBuildFile; fileRef = 9302EDAC1B6BF9BA00895652 /* SearchTerm.swift */; };
		931586F11B4DBC9100698538 /* AppDelegate.swift in Sources */ = {isa = PBXBuildFile; fileRef = 931586F01B4DBC9100698538 /* AppDelegate.swift */; };
		931586F81B4DBC9100698538 /* Images.xcassets in Resources */ = {isa = PBXBuildFile; fileRef = 931586F71B4DBC9100698538 /* Images.xcassets */; };
		931586FB1B4DBC9100698538 /* LaunchScreen.xib in Resources */ = {isa = PBXBuildFile; fileRef = 931586F91B4DBC9100698538 /* LaunchScreen.xib */; };
		931587071B4DBC9100698538 /* IndexsearchTests.swift in Sources */ = {isa = PBXBuildFile; fileRef = 931587061B4DBC9100698538 /* IndexsearchTests.swift */; };
		9320851E1B60381E0034B570 /* ListTableViewController.swift in Sources */ = {isa = PBXBuildFile; fileRef = 9320851D1B60381E0034B570 /* ListTableViewController.swift */; };
		932313EC1B62EE56008388B0 /* RefreshListViewController.swift in Sources */ = {isa = PBXBuildFile; fileRef = 932313EB1B62EE56008388B0 /* RefreshListViewController.swift */; };
		932398FE1B66A19C003CB996 /* SearchTableViewController.swift in Sources */ = {isa = PBXBuildFile; fileRef = 932398FD1B66A19C003CB996 /* SearchTableViewController.swift */; };
		9366E9D41B6AC54B004E8E4E /* Realm.framework in Frameworks */ = {isa = PBXBuildFile; fileRef = 9366E9D21B6AC54B004E8E4E /* Realm.framework */; };
		9366E9D51B6AC54B004E8E4E /* RealmSwift.framework in Frameworks */ = {isa = PBXBuildFile; fileRef = 9366E9D31B6AC54B004E8E4E /* RealmSwift.framework */; };
		9366E9D71B6AC57E004E8E4E /* YahooSearchKit.framework in Frameworks */ = {isa = PBXBuildFile; fileRef = 9366E9D61B6AC57E004E8E4E /* YahooSearchKit.framework */; };
		9366E9D81B6AC5E3004E8E4E /* Realm.framework in Embed Frameworks */ = {isa = PBXBuildFile; fileRef = 9366E9D21B6AC54B004E8E4E /* Realm.framework */; settings = {ATTRIBUTES = (CodeSignOnCopy, RemoveHeadersOnCopy, ); }; };
		9366E9D91B6AC5E3004E8E4E /* RealmSwift.framework in Embed Frameworks */ = {isa = PBXBuildFile; fileRef = 9366E9D31B6AC54B004E8E4E /* RealmSwift.framework */; settings = {ATTRIBUTES = (CodeSignOnCopy, RemoveHeadersOnCopy, ); }; };
		9375F54F1B5DACED0015F45A /* SearchTableViewCell.swift in Sources */ = {isa = PBXBuildFile; fileRef = 9375F54E1B5DACED0015F45A /* SearchTableViewCell.swift */; };
		938B5C5D1B60027900343682 /* SearchTermRealm.swift in Sources */ = {isa = PBXBuildFile; fileRef = 938B5C5C1B60027900343682 /* SearchTermRealm.swift */; };
		93DB65761B6FEE5300208EFB /* WebViewController.swift in Sources */ = {isa = PBXBuildFile; fileRef = 93DB65751B6FEE5300208EFB /* WebViewController.swift */; };
		93E9CD791B4EDF87009DA3A7 /* YahooSearchKitResources.bundle in Resources */ = {isa = PBXBuildFile; fileRef = 93E9CD781B4EDF87009DA3A7 /* YahooSearchKitResources.bundle */; };
		93E9CD7E1B4EE7E1009DA3A7 /* CoreLocation.framework in Frameworks */ = {isa = PBXBuildFile; fileRef = 93E9CD7D1B4EE7E1009DA3A7 /* CoreLocation.framework */; };
		93E9CD801B4EE7F1009DA3A7 /* CoreTelephony.framework in Frameworks */ = {isa = PBXBuildFile; fileRef = 93E9CD7F1B4EE7F1009DA3A7 /* CoreTelephony.framework */; };
		93EC7B891B642495005F2EC6 /* New Story.storyboard in Resources */ = {isa = PBXBuildFile; fileRef = 93EC7B881B642495005F2EC6 /* New Story.storyboard */; };
/* End PBXBuildFile section */

/* Begin PBXContainerItemProxy section */
		931587011B4DBC9100698538 /* PBXContainerItemProxy */ = {
			isa = PBXContainerItemProxy;
			containerPortal = 931586E31B4DBC9100698538 /* Project object */;
			proxyType = 1;
			remoteGlobalIDString = 931586EA1B4DBC9100698538;
			remoteInfo = Indexsearch;
		};
/* End PBXContainerItemProxy section */

/* Begin PBXCopyFilesBuildPhase section */
		9392F7851B6048B30025EC59 /* Embed Frameworks */ = {
			isa = PBXCopyFilesBuildPhase;
			buildActionMask = 2147483647;
			dstPath = "";
			dstSubfolderSpec = 10;
			files = (
				9366E9D81B6AC5E3004E8E4E /* Realm.framework in Embed Frameworks */,
				9366E9D91B6AC5E3004E8E4E /* RealmSwift.framework in Embed Frameworks */,
			);
			name = "Embed Frameworks";
			runOnlyForDeploymentPostprocessing = 0;
		};
/* End PBXCopyFilesBuildPhase section */

/* Begin PBXFileReference section */
		9302EDAC1B6BF9BA00895652 /* SearchTerm.swift */ = {isa = PBXFileReference; fileEncoding = 4; lastKnownFileType = sourcecode.swift; path = SearchTerm.swift; sourceTree = "<group>"; };
		931586EB1B4DBC9100698538 /* Indexsearch.app */ = {isa = PBXFileReference; explicitFileType = wrapper.application; includeInIndex = 0; path = Indexsearch.app; sourceTree = BUILT_PRODUCTS_DIR; };
		931586EF1B4DBC9100698538 /* Info.plist */ = {isa = PBXFileReference; lastKnownFileType = text.plist.xml; path = Info.plist; sourceTree = "<group>"; };
		931586F01B4DBC9100698538 /* AppDelegate.swift */ = {isa = PBXFileReference; lastKnownFileType = sourcecode.swift; path = AppDelegate.swift; sourceTree = "<group>"; };
		931586F71B4DBC9100698538 /* Images.xcassets */ = {isa = PBXFileReference; lastKnownFileType = folder.assetcatalog; path = Images.xcassets; sourceTree = "<group>"; };
		931586FA1B4DBC9100698538 /* Base */ = {isa = PBXFileReference; lastKnownFileType = file.xib; name = Base; path = Base.lproj/LaunchScreen.xib; sourceTree = "<group>"; };
		931587001B4DBC9100698538 /* IndexsearchTests.xctest */ = {isa = PBXFileReference; explicitFileType = wrapper.cfbundle; includeInIndex = 0; path = IndexsearchTests.xctest; sourceTree = BUILT_PRODUCTS_DIR; };
		931587051B4DBC9100698538 /* Info.plist */ = {isa = PBXFileReference; lastKnownFileType = text.plist.xml; path = Info.plist; sourceTree = "<group>"; };
		931587061B4DBC9100698538 /* IndexsearchTests.swift */ = {isa = PBXFileReference; lastKnownFileType = sourcecode.swift; path = IndexsearchTests.swift; sourceTree = "<group>"; };
		9320851D1B60381E0034B570 /* ListTableViewController.swift */ = {isa = PBXFileReference; fileEncoding = 4; lastKnownFileType = sourcecode.swift; path = ListTableViewController.swift; sourceTree = "<group>"; };
		932313EB1B62EE56008388B0 /* RefreshListViewController.swift */ = {isa = PBXFileReference; fileEncoding = 4; lastKnownFileType = sourcecode.swift; path = RefreshListViewController.swift; sourceTree = "<group>"; };
		932398FD1B66A19C003CB996 /* SearchTableViewController.swift */ = {isa = PBXFileReference; fileEncoding = 4; lastKnownFileType = sourcecode.swift; path = SearchTableViewController.swift; sourceTree = "<group>"; };
		9366E9D21B6AC54B004E8E4E /* Realm.framework */ = {isa = PBXFileReference; lastKnownFileType = wrapper.framework; name = Realm.framework; path = "../../Downloads/realm-swift-0.93-2.2/ios/Realm.framework"; sourceTree = "<group>"; };
		9366E9D31B6AC54B004E8E4E /* RealmSwift.framework */ = {isa = PBXFileReference; lastKnownFileType = wrapper.framework; name = RealmSwift.framework; path = "../../Downloads/realm-swift-0.93-2.2/ios/RealmSwift.framework"; sourceTree = "<group>"; };
		9366E9D61B6AC57E004E8E4E /* YahooSearchKit.framework */ = {isa = PBXFileReference; lastKnownFileType = wrapper.framework; name = YahooSearchKit.framework; path = "../../Downloads/searchsdk-ios-0.4.0/Framework/YahooSearchKit.framework"; sourceTree = "<group>"; };
		9375F54E1B5DACED0015F45A /* SearchTableViewCell.swift */ = {isa = PBXFileReference; fileEncoding = 4; lastKnownFileType = sourcecode.swift; path = SearchTableViewCell.swift; sourceTree = "<group>"; };
		938B5C5C1B60027900343682 /* SearchTermRealm.swift */ = {isa = PBXFileReference; fileEncoding = 4; lastKnownFileType = sourcecode.swift; path = SearchTermRealm.swift; sourceTree = "<group>"; };
		93DB65751B6FEE5300208EFB /* WebViewController.swift */ = {isa = PBXFileReference; fileEncoding = 4; lastKnownFileType = sourcecode.swift; path = WebViewController.swift; sourceTree = "<group>"; };
		93E9CD781B4EDF87009DA3A7 /* YahooSearchKitResources.bundle */ = {isa = PBXFileReference; lastKnownFileType = "wrapper.plug-in"; path = YahooSearchKitResources.bundle; sourceTree = "<group>"; };
		93E9CD7C1B4EE511009DA3A7 /* IndexSearch-Bridging-Header.h */ = {isa = PBXFileReference; lastKnownFileType = sourcecode.c.h; path = "IndexSearch-Bridging-Header.h"; sourceTree = "<group>"; };
		93E9CD7D1B4EE7E1009DA3A7 /* CoreLocation.framework */ = {isa = PBXFileReference; lastKnownFileType = wrapper.framework; name = CoreLocation.framework; path = System/Library/Frameworks/CoreLocation.framework; sourceTree = SDKROOT; };
		93E9CD7F1B4EE7F1009DA3A7 /* CoreTelephony.framework */ = {isa = PBXFileReference; lastKnownFileType = wrapper.framework; name = CoreTelephony.framework; path = System/Library/Frameworks/CoreTelephony.framework; sourceTree = SDKROOT; };
		93EC7B881B642495005F2EC6 /* New Story.storyboard */ = {isa = PBXFileReference; fileEncoding = 4; lastKnownFileType = file.storyboard; path = "New Story.storyboard"; sourceTree = "<group>"; };
/* End PBXFileReference section */

/* Begin PBXFrameworksBuildPhase section */
		931586E81B4DBC9100698538 /* Frameworks */ = {
			isa = PBXFrameworksBuildPhase;
			buildActionMask = 2147483647;
			files = (
				9366E9D51B6AC54B004E8E4E /* RealmSwift.framework in Frameworks */,
				9366E9D71B6AC57E004E8E4E /* YahooSearchKit.framework in Frameworks */,
				93E9CD801B4EE7F1009DA3A7 /* CoreTelephony.framework in Frameworks */,
				9366E9D41B6AC54B004E8E4E /* Realm.framework in Frameworks */,
				93E9CD7E1B4EE7E1009DA3A7 /* CoreLocation.framework in Frameworks */,
			);
			runOnlyForDeploymentPostprocessing = 0;
		};
		931586FD1B4DBC9100698538 /* Frameworks */ = {
			isa = PBXFrameworksBuildPhase;
			buildActionMask = 2147483647;
			files = (
			);
			runOnlyForDeploymentPostprocessing = 0;
		};
/* End PBXFrameworksBuildPhase section */

/* Begin PBXGroup section */
		931586E21B4DBC9100698538 = {
			isa = PBXGroup;
			children = (
				9366E9D61B6AC57E004E8E4E /* YahooSearchKit.framework */,
				93E9CD7F1B4EE7F1009DA3A7 /* CoreTelephony.framework */,
				93E9CD7D1B4EE7E1009DA3A7 /* CoreLocation.framework */,
				9366E9D21B6AC54B004E8E4E /* Realm.framework */,
				9366E9D31B6AC54B004E8E4E /* RealmSwift.framework */,
				93E9CD781B4EDF87009DA3A7 /* YahooSearchKitResources.bundle */,
				931586ED1B4DBC9100698538 /* Indexsearch */,
				931587031B4DBC9100698538 /* IndexsearchTests */,
				931586EC1B4DBC9100698538 /* Products */,
			);
			sourceTree = "<group>";
		};
		931586EC1B4DBC9100698538 /* Products */ = {
			isa = PBXGroup;
			children = (
				931586EB1B4DBC9100698538 /* Indexsearch.app */,
				931587001B4DBC9100698538 /* IndexsearchTests.xctest */,
			);
			name = Products;
			sourceTree = "<group>";
		};
		931586ED1B4DBC9100698538 /* Indexsearch */ = {
			isa = PBXGroup;
			children = (
				932085161B6037E70034B570 /* ViewControllers */,
				931586F01B4DBC9100698538 /* AppDelegate.swift */,
				938B5C5C1B60027900343682 /* SearchTermRealm.swift */,
				9302EDAC1B6BF9BA00895652 /* SearchTerm.swift */,
				931586F71B4DBC9100698538 /* Images.xcassets */,
				93EC7B881B642495005F2EC6 /* New Story.storyboard */,
				93DB65751B6FEE5300208EFB /* WebViewController.swift */,
				9375F54E1B5DACED0015F45A /* SearchTableViewCell.swift */,
				931586F91B4DBC9100698538 /* LaunchScreen.xib */,
				931586EE1B4DBC9100698538 /* Supporting Files */,
				93E9CD7C1B4EE511009DA3A7 /* IndexSearch-Bridging-Header.h */,
			);
			path = Indexsearch;
			sourceTree = "<group>";
		};
		931586EE1B4DBC9100698538 /* Supporting Files */ = {
			isa = PBXGroup;
			children = (
				931586EF1B4DBC9100698538 /* Info.plist */,
			);
			name = "Supporting Files";
			sourceTree = "<group>";
		};
		931587031B4DBC9100698538 /* IndexsearchTests */ = {
			isa = PBXGroup;
			children = (
				931587061B4DBC9100698538 /* IndexsearchTests.swift */,
				931587041B4DBC9100698538 /* Supporting Files */,
			);
			path = IndexsearchTests;
			sourceTree = "<group>";
		};
		931587041B4DBC9100698538 /* Supporting Files */ = {
			isa = PBXGroup;
			children = (
				931587051B4DBC9100698538 /* Info.plist */,
			);
			name = "Supporting Files";
			sourceTree = "<group>";
		};
		932085161B6037E70034B570 /* ViewControllers */ = {
			isa = PBXGroup;
			children = (
				9320851D1B60381E0034B570 /* ListTableViewController.swift */,
				932313EB1B62EE56008388B0 /* RefreshListViewController.swift */,
				932398FD1B66A19C003CB996 /* SearchTableViewController.swift */,
			);
			name = ViewControllers;
			sourceTree = "<group>";
		};
/* End PBXGroup section */

/* Begin PBXNativeTarget section */
		931586EA1B4DBC9100698538 /* Indexsearch */ = {
			isa = PBXNativeTarget;
			buildConfigurationList = 9315870A1B4DBC9100698538 /* Build configuration list for PBXNativeTarget "Indexsearch" */;
			buildPhases = (
				931586E71B4DBC9100698538 /* Sources */,
				931586E81B4DBC9100698538 /* Frameworks */,
				931586E91B4DBC9100698538 /* Resources */,
				9392F7851B6048B30025EC59 /* Embed Frameworks */,
			);
			buildRules = (
			);
			dependencies = (
			);
			name = Indexsearch;
			productName = Indexsearch;
			productReference = 931586EB1B4DBC9100698538 /* Indexsearch.app */;
			productType = "com.apple.product-type.application";
		};
		931586FF1B4DBC9100698538 /* IndexsearchTests */ = {
			isa = PBXNativeTarget;
			buildConfigurationList = 9315870D1B4DBC9100698538 /* Build configuration list for PBXNativeTarget "IndexsearchTests" */;
			buildPhases = (
				931586FC1B4DBC9100698538 /* Sources */,
				931586FD1B4DBC9100698538 /* Frameworks */,
				931586FE1B4DBC9100698538 /* Resources */,
			);
			buildRules = (
			);
			dependencies = (
				931587021B4DBC9100698538 /* PBXTargetDependency */,
			);
			name = IndexsearchTests;
			productName = IndexsearchTests;
			productReference = 931587001B4DBC9100698538 /* IndexsearchTests.xctest */;
			productType = "com.apple.product-type.bundle.unit-test";
		};
/* End PBXNativeTarget section */

/* Begin PBXProject section */
		931586E31B4DBC9100698538 /* Project object */ = {
			isa = PBXProject;
			attributes = {
				LastUpgradeCheck = 0640;
				ORGANIZATIONNAME = "Aaron Wasserman";
				TargetAttributes = {
					931586EA1B4DBC9100698538 = {
						CreatedOnToolsVersion = 6.4;
						DevelopmentTeam = C97HU3JM3J;
					};
					931586FF1B4DBC9100698538 = {
						CreatedOnToolsVersion = 6.4;
						TestTargetID = 931586EA1B4DBC9100698538;
					};
				};
			};
			buildConfigurationList = 931586E61B4DBC9100698538 /* Build configuration list for PBXProject "Indexsearch" */;
			compatibilityVersion = "Xcode 3.2";
			developmentRegion = English;
			hasScannedForEncodings = 0;
			knownRegions = (
				en,
				Base,
			);
			mainGroup = 931586E21B4DBC9100698538;
			productRefGroup = 931586EC1B4DBC9100698538 /* Products */;
			projectDirPath = "";
			projectRoot = "";
			targets = (
				931586EA1B4DBC9100698538 /* Indexsearch */,
				931586FF1B4DBC9100698538 /* IndexsearchTests */,
			);
		};
/* End PBXProject section */

/* Begin PBXResourcesBuildPhase section */
		931586E91B4DBC9100698538 /* Resources */ = {
			isa = PBXResourcesBuildPhase;
			buildActionMask = 2147483647;
			files = (
				93EC7B891B642495005F2EC6 /* New Story.storyboard in Resources */,
				93E9CD791B4EDF87009DA3A7 /* YahooSearchKitResources.bundle in Resources */,
				931586FB1B4DBC9100698538 /* LaunchScreen.xib in Resources */,
				931586F81B4DBC9100698538 /* Images.xcassets in Resources */,
			);
			runOnlyForDeploymentPostprocessing = 0;
		};
		931586FE1B4DBC9100698538 /* Resources */ = {
			isa = PBXResourcesBuildPhase;
			buildActionMask = 2147483647;
			files = (
			);
			runOnlyForDeploymentPostprocessing = 0;
		};
/* End PBXResourcesBuildPhase section */

/* Begin PBXSourcesBuildPhase section */
		931586E71B4DBC9100698538 /* Sources */ = {
			isa = PBXSourcesBuildPhase;
			buildActionMask = 2147483647;
			files = (
				9375F54F1B5DACED0015F45A /* SearchTableViewCell.swift in Sources */,
				932398FE1B66A19C003CB996 /* SearchTableViewController.swift in Sources */,
				931586F11B4DBC9100698538 /* AppDelegate.swift in Sources */,
				932313EC1B62EE56008388B0 /* RefreshListViewController.swift in Sources */,
				938B5C5D1B60027900343682 /* SearchTermRealm.swift in Sources */,
				9302EDAD1B6BF9BA00895652 /* SearchTerm.swift in Sources */,
				9320851E1B60381E0034B570 /* ListTableViewController.swift in Sources */,
				93DB65761B6FEE5300208EFB /* WebViewController.swift in Sources */,
			);
			runOnlyForDeploymentPostprocessing = 0;
		};
		931586FC1B4DBC9100698538 /* Sources */ = {
			isa = PBXSourcesBuildPhase;
			buildActionMask = 2147483647;
			files = (
				931587071B4DBC9100698538 /* IndexsearchTests.swift in Sources */,
			);
			runOnlyForDeploymentPostprocessing = 0;
		};
/* End PBXSourcesBuildPhase section */

/* Begin PBXTargetDependency section */
		931587021B4DBC9100698538 /* PBXTargetDependency */ = {
			isa = PBXTargetDependency;
			target = 931586EA1B4DBC9100698538 /* Indexsearch */;
			targetProxy = 931587011B4DBC9100698538 /* PBXContainerItemProxy */;
		};
/* End PBXTargetDependency section */

/* Begin PBXVariantGroup section */
		931586F91B4DBC9100698538 /* LaunchScreen.xib */ = {
			isa = PBXVariantGroup;
			children = (
				931586FA1B4DBC9100698538 /* Base */,
			);
			name = LaunchScreen.xib;
			sourceTree = "<group>";
		};
/* End PBXVariantGroup section */

/* Begin XCBuildConfiguration section */
		931587081B4DBC9100698538 /* Debug */ = {
			isa = XCBuildConfiguration;
			buildSettings = {
				ALWAYS_SEARCH_USER_PATHS = NO;
				CLANG_CXX_LANGUAGE_STANDARD = "gnu++0x";
				CLANG_CXX_LIBRARY = "libc++";
				CLANG_ENABLE_MODULES = YES;
				CLANG_ENABLE_OBJC_ARC = YES;
				CLANG_WARN_BOOL_CONVERSION = YES;
				CLANG_WARN_CONSTANT_CONVERSION = YES;
				CLANG_WARN_DIRECT_OBJC_ISA_USAGE = YES_ERROR;
				CLANG_WARN_EMPTY_BODY = YES;
				CLANG_WARN_ENUM_CONVERSION = YES;
				CLANG_WARN_INT_CONVERSION = YES;
				CLANG_WARN_OBJC_ROOT_CLASS = YES_ERROR;
				CLANG_WARN_UNREACHABLE_CODE = YES;
				CLANG_WARN__DUPLICATE_METHOD_MATCH = YES;
				"CODE_SIGN_IDENTITY[sdk=iphoneos*]" = "iPhone Developer";
				COPY_PHASE_STRIP = NO;
				DEBUG_INFORMATION_FORMAT = "dwarf-with-dsym";
				ENABLE_STRICT_OBJC_MSGSEND = YES;
				GCC_C_LANGUAGE_STANDARD = gnu99;
				GCC_DYNAMIC_NO_PIC = NO;
				GCC_NO_COMMON_BLOCKS = YES;
				GCC_OPTIMIZATION_LEVEL = 0;
				GCC_PREPROCESSOR_DEFINITIONS = (
					"DEBUG=1",
					"$(inherited)",
				);
				GCC_SYMBOLS_PRIVATE_EXTERN = NO;
				GCC_WARN_64_TO_32_BIT_CONVERSION = YES;
				GCC_WARN_ABOUT_RETURN_TYPE = YES_ERROR;
				GCC_WARN_UNDECLARED_SELECTOR = YES;
				GCC_WARN_UNINITIALIZED_AUTOS = YES_AGGRESSIVE;
				GCC_WARN_UNUSED_FUNCTION = YES;
				GCC_WARN_UNUSED_VARIABLE = YES;
				IPHONEOS_DEPLOYMENT_TARGET = 8.4;
				MTL_ENABLE_DEBUG_INFO = YES;
				ONLY_ACTIVE_ARCH = YES;
				SDKROOT = iphoneos;
				SWIFT_OPTIMIZATION_LEVEL = "-Onone";
				TARGETED_DEVICE_FAMILY = "1,2";
			};
			name = Debug;
		};
		931587091B4DBC9100698538 /* Release */ = {
			isa = XCBuildConfiguration;
			buildSettings = {
				ALWAYS_SEARCH_USER_PATHS = NO;
				CLANG_CXX_LANGUAGE_STANDARD = "gnu++0x";
				CLANG_CXX_LIBRARY = "libc++";
				CLANG_ENABLE_MODULES = YES;
				CLANG_ENABLE_OBJC_ARC = YES;
				CLANG_WARN_BOOL_CONVERSION = YES;
				CLANG_WARN_CONSTANT_CONVERSION = YES;
				CLANG_WARN_DIRECT_OBJC_ISA_USAGE = YES_ERROR;
				CLANG_WARN_EMPTY_BODY = YES;
				CLANG_WARN_ENUM_CONVERSION = YES;
				CLANG_WARN_INT_CONVERSION = YES;
				CLANG_WARN_OBJC_ROOT_CLASS = YES_ERROR;
				CLANG_WARN_UNREACHABLE_CODE = YES;
				CLANG_WARN__DUPLICATE_METHOD_MATCH = YES;
				"CODE_SIGN_IDENTITY[sdk=iphoneos*]" = "iPhone Developer";
				COPY_PHASE_STRIP = NO;
				DEBUG_INFORMATION_FORMAT = "dwarf-with-dsym";
				ENABLE_NS_ASSERTIONS = NO;
				ENABLE_STRICT_OBJC_MSGSEND = YES;
				GCC_C_LANGUAGE_STANDARD = gnu99;
				GCC_NO_COMMON_BLOCKS = YES;
				GCC_WARN_64_TO_32_BIT_CONVERSION = YES;
				GCC_WARN_ABOUT_RETURN_TYPE = YES_ERROR;
				GCC_WARN_UNDECLARED_SELECTOR = YES;
				GCC_WARN_UNINITIALIZED_AUTOS = YES_AGGRESSIVE;
				GCC_WARN_UNUSED_FUNCTION = YES;
				GCC_WARN_UNUSED_VARIABLE = YES;
				IPHONEOS_DEPLOYMENT_TARGET = 8.4;
				MTL_ENABLE_DEBUG_INFO = NO;
				SDKROOT = iphoneos;
				TARGETED_DEVICE_FAMILY = "1,2";
				VALIDATE_PRODUCT = YES;
			};
			name = Release;
		};
		9315870B1B4DBC9100698538 /* Debug */ = {
			isa = XCBuildConfiguration;
			buildSettings = {
				ASSETCATALOG_COMPILER_APPICON_NAME = AppIcon;
				CODE_SIGN_IDENTITY = "iPhone Developer";
				"CODE_SIGN_IDENTITY[sdk=iphoneos*]" = "iPhone Developer";
				FRAMEWORK_SEARCH_PATHS = (
					"$(inherited)",
					"/Users/Aaron/Downloads/searchsdk-ios-0.4.0/Framework",
					"/Users/Aaron/Downloads/realm-swift-0.93-2.2/ios",
				);
				INFOPLIST_FILE = Indexsearch/Info.plist;
				IPHONEOS_DEPLOYMENT_TARGET = 8.4;
				LD_RUNPATH_SEARCH_PATHS = "$(inherited) @executable_path/Frameworks";
				OTHER_LDFLAGS = (
					"-ObjC",
					"-all_load",
				);
				PRODUCT_NAME = "$(TARGET_NAME)";
				PROVISIONING_PROFILE = "";
				SWIFT_OBJC_BRIDGING_HEADER = "$(PROJECT_DIR)/Indexsearch/Indexsearch-Bridging-header.h";
			};
			name = Debug;
		};
		9315870C1B4DBC9100698538 /* Release */ = {
			isa = XCBuildConfiguration;
			buildSettings = {
				ASSETCATALOG_COMPILER_APPICON_NAME = AppIcon;
				CODE_SIGN_IDENTITY = "iPhone Developer";
				"CODE_SIGN_IDENTITY[sdk=iphoneos*]" = "iPhone Developer";
				FRAMEWORK_SEARCH_PATHS = (
					"$(inherited)",
					"/Users/Aaron/Downloads/searchsdk-ios-0.4.0/Framework",
					"/Users/Aaron/Downloads/realm-swift-0.93-2.2/ios",
				);
				INFOPLIST_FILE = Indexsearch/Info.plist;
				IPHONEOS_DEPLOYMENT_TARGET = 8.4;
				LD_RUNPATH_SEARCH_PATHS = "$(inherited) @executable_path/Frameworks";
				OTHER_LDFLAGS = (
					"-ObjC",
					"-all_load",
				);
				PRODUCT_NAME = "$(TARGET_NAME)";
				PROVISIONING_PROFILE = "";
				SWIFT_OBJC_BRIDGING_HEADER = "$(PROJECT_DIR)/Indexsearch/Indexsearch-Bridging-header.h";
			};
			name = Release;
		};
		9315870E1B4DBC9100698538 /* Debug */ = {
			isa = XCBuildConfiguration;
			buildSettings = {
				BUNDLE_LOADER = "$(TEST_HOST)";
				FRAMEWORK_SEARCH_PATHS = (
					"$(SDKROOT)/Developer/Library/Frameworks",
					"$(inherited)",
				);
				GCC_PREPROCESSOR_DEFINITIONS = (
					"DEBUG=1",
					"$(inherited)",
				);
				INFOPLIST_FILE = IndexsearchTests/Info.plist;
				LD_RUNPATH_SEARCH_PATHS = "$(inherited) @executable_path/Frameworks @loader_path/Frameworks";
				PRODUCT_NAME = "$(TARGET_NAME)";
				TEST_HOST = "$(BUILT_PRODUCTS_DIR)/Indexsearch.app/Indexsearch";
			};
			name = Debug;
		};
		9315870F1B4DBC9100698538 /* Release */ = {
			isa = XCBuildConfiguration;
			buildSettings = {
				BUNDLE_LOADER = "$(TEST_HOST)";
				FRAMEWORK_SEARCH_PATHS = (
					"$(SDKROOT)/Developer/Library/Frameworks",
					"$(inherited)",
				);
				INFOPLIST_FILE = IndexsearchTests/Info.plist;
				LD_RUNPATH_SEARCH_PATHS = "$(inherited) @executable_path/Frameworks @loader_path/Frameworks";
				PRODUCT_NAME = "$(TARGET_NAME)";
				TEST_HOST = "$(BUILT_PRODUCTS_DIR)/Indexsearch.app/Indexsearch";
			};
			name = Release;
		};
/* End XCBuildConfiguration section */

/* Begin XCConfigurationList section */
		931586E61B4DBC9100698538 /* Build configuration list for PBXProject "Indexsearch" */ = {
			isa = XCConfigurationList;
			buildConfigurations = (
				931587081B4DBC9100698538 /* Debug */,
				931587091B4DBC9100698538 /* Release */,
			);
			defaultConfigurationIsVisible = 0;
			defaultConfigurationName = Release;
		};
		9315870A1B4DBC9100698538 /* Build configuration list for PBXNativeTarget "Indexsearch" */ = {
			isa = XCConfigurationList;
			buildConfigurations = (
				9315870B1B4DBC9100698538 /* Debug */,
				9315870C1B4DBC9100698538 /* Release */,
			);
			defaultConfigurationIsVisible = 0;
			defaultConfigurationName = Release;
		};
		9315870D1B4DBC9100698538 /* Build configuration list for PBXNativeTarget "IndexsearchTests" */ = {
			isa = XCConfigurationList;
			buildConfigurations = (
				9315870E1B4DBC9100698538 /* Debug */,
				9315870F1B4DBC9100698538 /* Release */,
			);
			defaultConfigurationIsVisible = 0;
			defaultConfigurationName = Release;
		};
/* End XCConfigurationList section */
	};
	rootObject = 931586E31B4DBC9100698538 /* Project object */;
}
